
Microsoft Visual Studio Solution File, Format Version 12.00
# Visual Studio Version 17
VisualStudioVersion = 17.7.34302.85
MinimumVisualStudioVersion = 10.0.40219.1
Project("{FAE04EC0-301F-11D3-BF4B-00C04F79EFBC}") = "CalculatorFor5thClass", "CalculatorFor5thClass\CalculatorFor5thClass.csproj", "{056B9DB5-D4C8-4B8A-AD31-15153321F432}"
EndProject
Global
	GlobalSection(SolutionConfigurationPlatforms) = preSolution
		Debug|Any CPU = Debug|Any CPU
		Release|Any CPU = Release|Any CPU
	EndGlobalSection
	GlobalSection(ProjectConfigurationPlatforms) = postSolution
		{056B9DB5-D4C8-4B8A-AD31-15153321F432}.Debug|Any CPU.ActiveCfg = Debug|Any CPU
		{056B9DB5-D4C8-4B8A-AD31-15153321F432}.Debug|Any CPU.Build.0 = Debug|Any CPU
		{056B9DB5-D4C8-4B8A-AD31-15153321F432}.Release|Any CPU.ActiveCfg = Release|Any CPU
		{056B9DB5-D4C8-4B8A-AD31-15153321F432}.Release|Any CPU.Build.0 = Release|Any CPU
	EndGlobalSection
	GlobalSection(SolutionProperties) = preSolution
		HideSolutionNode = FALSE
	EndGlobalSection
	GlobalSection(ExtensibilityGlobals) = postSolution
		SolutionGuid = {62561822-E592-4FC4-8C19-6FD5261B5679}
	EndGlobalSection
EndGlobal
